
Microsoft Visual Studio Solution File, Format Version 12.00
# Visual Studio Version 16
VisualStudioVersion = 16.0.28803.452
MinimumVisualStudioVersion = 10.0.40219.1
Project("{FAE04EC0-301F-11D3-BF4B-00C04F79EFBC}") = "userDomainAttack", "userDomainAttack.csproj", "{CF54BB0A-C603-4CDE-9D7C-25466BA8EE9C}"
EndProject
Global
	GlobalSection(SolutionConfigurationPlatforms) = preSolution
		Debug|Any CPU = Debug|Any CPU
		Release|Any CPU = Release|Any CPU
	EndGlobalSection
	GlobalSection(ProjectConfigurationPlatforms) = postSolution
		{CF54BB0A-C603-4CDE-9D7C-25466BA8EE9C}.Debug|Any CPU.ActiveCfg = Debug|Any CPU
		{CF54BB0A-C603-4CDE-9D7C-25466BA8EE9C}.Debug|Any CPU.Build.0 = Debug|Any CPU
		{CF54BB0A-C603-4CDE-9D7C-25466BA8EE9C}.Release|Any CPU.ActiveCfg = Release|Any CPU
		{CF54BB0A-C603-4CDE-9D7C-25466BA8EE9C}.Release|Any CPU.Build.0 = Release|Any CPU
	EndGlobalSection
	GlobalSection(SolutionProperties) = preSolution
		HideSolutionNode = FALSE
	EndGlobalSection
	GlobalSection(ExtensibilityGlobals) = postSolution
		SolutionGuid = {66C57044-CBF0-4CF1-8873-10DC6CA11E69}
	EndGlobalSection
EndGlobal
